
Microsoft Visual Studio Solution File, Format Version 12.00
# Visual Studio Version 17
VisualStudioVersion = 17.7.34221.43
MinimumVisualStudioVersion = 10.0.40219.1
Project("{9A19103F-16F7-4668-BE54-9A1E7A4F7556}") = "APP.WEB", "CMS.API\APP.WEB.csproj", "{5B20BBE5-6B2C-43E4-ACCA-6E77341900E1}"
	ProjectSection(ProjectDependencies) = postProject
		{7198F876-9D11-495F-9933-AEB86D83ACEB} = {7198F876-9D11-495F-9933-AEB86D83ACEB}
		{A8E5E2A3-AFD5-461D-BFBB-1BD06D62A7D8} = {A8E5E2A3-AFD5-461D-BFBB-1BD06D62A7D8}
	EndProjectSection
EndProject
Project("{9A19103F-16F7-4668-BE54-9A1E7A4F7556}") = "CMS.application", "CMS.application\CMS.application.csproj", "{A8E5E2A3-AFD5-461D-BFBB-1BD06D62A7D8}"
	ProjectSection(ProjectDependencies) = postProject
		{51C0E5F0-8BA8-444B-B88E-5799B47FB940} = {51C0E5F0-8BA8-444B-B88E-5799B47FB940}
		{7198F876-9D11-495F-9933-AEB86D83ACEB} = {7198F876-9D11-495F-9933-AEB86D83ACEB}
	EndProjectSection
EndProject
Project("{9A19103F-16F7-4668-BE54-9A1E7A4F7556}") = "CMS.domain", "CMS.domain\CMS.domain.csproj", "{51C0E5F0-8BA8-444B-B88E-5799B47FB940}"
EndProject
Project("{9A19103F-16F7-4668-BE54-9A1E7A4F7556}") = "CMS.infraestructure", "CMS.infrastructure\CMS.infraestructure.csproj", "{7198F876-9D11-495F-9933-AEB86D83ACEB}"
	ProjectSection(ProjectDependencies) = postProject
		{51C0E5F0-8BA8-444B-B88E-5799B47FB940} = {51C0E5F0-8BA8-444B-B88E-5799B47FB940}
	EndProjectSection
EndProject
Global
	GlobalSection(SolutionConfigurationPlatforms) = preSolution
		Debug|Any CPU = Debug|Any CPU
		Release|Any CPU = Release|Any CPU
	EndGlobalSection
	GlobalSection(ProjectConfigurationPlatforms) = postSolution
		{5B20BBE5-6B2C-43E4-ACCA-6E77341900E1}.Debug|Any CPU.ActiveCfg = Debug|Any CPU
		{5B20BBE5-6B2C-43E4-ACCA-6E77341900E1}.Debug|Any CPU.Build.0 = Debug|Any CPU
		{5B20BBE5-6B2C-43E4-ACCA-6E77341900E1}.Release|Any CPU.ActiveCfg = Release|Any CPU
		{5B20BBE5-6B2C-43E4-ACCA-6E77341900E1}.Release|Any CPU.Build.0 = Release|Any CPU
		{A8E5E2A3-AFD5-461D-BFBB-1BD06D62A7D8}.Debug|Any CPU.ActiveCfg = Debug|Any CPU
		{A8E5E2A3-AFD5-461D-BFBB-1BD06D62A7D8}.Debug|Any CPU.Build.0 = Debug|Any CPU
		{A8E5E2A3-AFD5-461D-BFBB-1BD06D62A7D8}.Release|Any CPU.ActiveCfg = Release|Any CPU
		{A8E5E2A3-AFD5-461D-BFBB-1BD06D62A7D8}.Release|Any CPU.Build.0 = Release|Any CPU
		{51C0E5F0-8BA8-444B-B88E-5799B47FB940}.Debug|Any CPU.ActiveCfg = Debug|Any CPU
		{51C0E5F0-8BA8-444B-B88E-5799B47FB940}.Debug|Any CPU.Build.0 = Debug|Any CPU
		{51C0E5F0-8BA8-444B-B88E-5799B47FB940}.Release|Any CPU.ActiveCfg = Release|Any CPU
		{51C0E5F0-8BA8-444B-B88E-5799B47FB940}.Release|Any CPU.Build.0 = Release|Any CPU
		{7198F876-9D11-495F-9933-AEB86D83ACEB}.Debug|Any CPU.ActiveCfg = Debug|Any CPU
		{7198F876-9D11-495F-9933-AEB86D83ACEB}.Debug|Any CPU.Build.0 = Debug|Any CPU
		{7198F876-9D11-495F-9933-AEB86D83ACEB}.Release|Any CPU.ActiveCfg = Release|Any CPU
		{7198F876-9D11-495F-9933-AEB86D83ACEB}.Release|Any CPU.Build.0 = Release|Any CPU
	EndGlobalSection
	GlobalSection(SolutionProperties) = preSolution
		HideSolutionNode = FALSE
	EndGlobalSection
	GlobalSection(ExtensibilityGlobals) = postSolution
		SolutionGuid = {890E9208-4254-4213-AA0C-2F5A8EA5846C}
	EndGlobalSection
EndGlobal
